
Microsoft Visual Studio Solution File, Format Version 12.00
# Visual Studio 14
VisualStudioVersion = 14.0.25123.0
MinimumVisualStudioVersion = 10.0.40219.1
Project("{FAE04EC0-301F-11D3-BF4B-00C04F79EFBC}") = "Testability", "Testability\Testability.csproj", "{63167B0C-CCA0-4F7F-8641-48B14797BB6C}"
EndProject
Project("{FAE04EC0-301F-11D3-BF4B-00C04F79EFBC}") = "Testability.UnitTests", "Testability.UnitTests\Testability.UnitTests.csproj", "{C3ADB8FC-3340-40ED-A831-1C2F9E1CAEFB}"
EndProject
Global
	GlobalSection(SolutionConfigurationPlatforms) = preSolution
		Debug|Any CPU = Debug|Any CPU
		Release|Any CPU = Release|Any CPU
	EndGlobalSection
	GlobalSection(ProjectConfigurationPlatforms) = postSolution
		{63167B0C-CCA0-4F7F-8641-48B14797BB6C}.Debug|Any CPU.ActiveCfg = Debug|Any CPU
		{63167B0C-CCA0-4F7F-8641-48B14797BB6C}.Debug|Any CPU.Build.0 = Debug|Any CPU
		{63167B0C-CCA0-4F7F-8641-48B14797BB6C}.Release|Any CPU.ActiveCfg = Release|Any CPU
		{63167B0C-CCA0-4F7F-8641-48B14797BB6C}.Release|Any CPU.Build.0 = Release|Any CPU
		{C3ADB8FC-3340-40ED-A831-1C2F9E1CAEFB}.Debug|Any CPU.ActiveCfg = Debug|Any CPU
		{C3ADB8FC-3340-40ED-A831-1C2F9E1CAEFB}.Debug|Any CPU.Build.0 = Debug|Any CPU
		{C3ADB8FC-3340-40ED-A831-1C2F9E1CAEFB}.Release|Any CPU.ActiveCfg = Release|Any CPU
		{C3ADB8FC-3340-40ED-A831-1C2F9E1CAEFB}.Release|Any CPU.Build.0 = Release|Any CPU
	EndGlobalSection
	GlobalSection(SolutionProperties) = preSolution
		HideSolutionNode = FALSE
	EndGlobalSection
EndGlobal
